lockfileVersion: '9.0'

settings:
  autoInstallPeers: true
  excludeLinksFromLockfile: false

importers:

  .:
    devDependencies:
      '@girs/adw-1':
        specifier: 1.10.0-4.0.0-beta.43
        version: 1.10.0-4.0.0-beta.43
      '@girs/clutter-16':
        specifier: 16.0.0-4.0.0-beta.43
        version: 16.0.0-4.0.0-beta.43
      '@girs/gio-2.0':
        specifier: 2.88.0-4.0.0-beta.43
        version: 2.88.0-4.0.0-beta.43
      '@girs/gjs':
        specifier: 4.0.0-beta.43
        version: 4.0.0-beta.43
      '@girs/gobject-2.0':
        specifier: 2.88.0-4.0.0-beta.43
        version: 2.88.0-4.0.0-beta.43
      '@girs/gtk-4.0':
        specifier: 4.22.1-4.0.0-beta.43
        version: 4.22.1-4.0.0-beta.43
      '@girs/meta-16':
        specifier: 16.0.0-4.0.0-beta.43
        version: 16.0.0-4.0.0-beta.43
      '@girs/shell-16':
        specifier: 16.0.0-4.0.0-beta.43
        version: 16.0.0-4.0.0-beta.43
      '@girs/st-16':
        specifier: 16.0.0-4.0.0-beta.43
        version: 16.0.0-4.0.0-beta.43

packages:

  '@girs/adw-1@1.10.0-4.0.0-beta.43':
    resolution: {integrity: sha512-DnDNDzQPWvbalveKonpYj90CC1hK7wZ4M5T2d0VSF1u+PxUaeZgjUSeZc724NbjF9u96wx4Vbq/gHI8tu7MMIw==}

  '@girs/atk-1.0@2.60.0-4.0.0-beta.43':
    resolution: {integrity: sha512-QGs1azUURReiQOjKoL8aGCWsvIhrhdrDBIGgT9e1Y1bMM1IQ9qiSb92Pntwrn33NQB8Wc/EeSRnKcnHhrOBn4w==}

  '@girs/cairo-1.0@1.0.0-4.0.0-beta.43':
    resolution: {integrity: sha512-22hGstMdn+xnD6Ass0hJBB4P7GUdVDNyKzYOmFq5GoSdr8AwDoAopT8wyhAhTH1/ugsKQ4/XrMovnIxxTa8YZQ==}

  '@girs/clutter-16@16.0.0-4.0.0-beta.43':
    resolution: {integrity: sha512-BO6S1YmnZwCF3cB1l/PxTwAvrDGf6TlGCpeHByRR7THltzul0rUrFdVNzVTnh9/Hfofud/0YQ81ZicMsGZYY2A==}

  '@girs/cogl-16@16.0.0-4.0.0-beta.43':
    resolution: {integrity: sha512-ObDM8UeAIm2ogfzsecqQxQLVCP4BWKfpijzkiu6j5qm8Ltx4tBURskt4l/WWKJMSF++WGNo+tIK44XfxB1yzjw==}

  '@girs/freetype2-2.0@2.0.0-4.0.0-beta.43':
    resolution: {integrity: sha512-VD1rCTQnceYI1VzlykgUv57tg2q487w6JDAkGxQf465eh7zQFCoqAoQlOB1t8FwI58yUMMreJa58VYIfP0/XBw==}

  '@girs/gck-2@4.4.0-4.0.0-beta.43':
    resolution: {integrity: sha512-CARKtgLQZf7GcLYez68Sr+xBB/swHSmpwcg27bXSLPfFQjDw8Z+SZ65tDpun3gdBG8D1qt/MmAZJgEr2IKY+Sw==}

  '@girs/gcr-4@4.4.0-4.0.0-beta.43':
    resolution: {integrity: sha512-H+slTh3OQOmJ2CujkiXAdtbP3KR7rF8s8JaVbwAIT+O6WYPjVAvWHWwIYksAXZmCxX59xb0g2xh9mAgZkLxSKw==}

  '@girs/gdesktopenums-3.0@3.0.0-4.0.0-beta.43':
    resolution: {integrity: sha512-EpN6lQtkB3evLcAn6miRTD+Yg44Nmrx97KftxdsCq8MvX+UsvsTdW9VPiuzmMHBCLHj4e/7TAqAvb7KVSj3dVQ==}

  '@girs/gdk-4.0@4.0.0-4.0.0-beta.43':
    resolution: {integrity: sha512-e4GsRTX3ISiA/poIkKovIJxxsyJH3qqtWmP2slzNMfeJQQa0GHdCbgZezzluJF+PuG8AQYYdJsfM9Of77YxwRw==}

  '@girs/gdkpixbuf-2.0@2.0.0-4.0.0-beta.43':
    resolution: {integrity: sha512-Ly9EgtEfQHBWUsfo82RpG3m5VrqZS9o21ZBGDa+xR1EiH/8MpCKjr4O93xZ9FhBFE4qYRn+j0I0TFOVpAQtmnw==}

  '@girs/gio-2.0@2.88.0-4.0.0-beta.43':
    resolution: {integrity: sha512-e8jZ15EBoOEdWGsxbd9OEoL0cYlL28lssuaEs8yq6UwUreOZjmmlrG+8l2VEuuf5R36q3BAxZEwCmShY+DMXXw==}

  '@girs/gjs@4.0.0-beta.43':
    resolution: {integrity: sha512-NyDT9tOziIcaWTezul3DJQYVsgLu5AilQ0fgAWtCuf7iCl5iXWN32Pvnqu3mY5UbFfHaLanmUrZwexIfXc9peQ==}

  '@girs/gl-1.0@1.0.0-4.0.0-beta.43':
    resolution: {integrity: sha512-uJJuNs1I4N7NzzH3w4Z5ALeB/Q5x/BYGzKyQq7SWL5WzbZ9Pi705TuzFXIr2Cvf/2+YM8JqjZBefWxDQevyAkQ==}

  '@girs/glib-2.0@2.88.0-4.0.0-beta.43':
    resolution: {integrity: sha512-xxmwc6XhsX70m2A0Kf6+90fM09sjxhBHjZi61oWlJCKzjNndb4d2u23+Y0N/icniAaegR+t6EZg3gn+Qu7YIhQ==}

  '@girs/gmodule-2.0@2.0.0-4.0.0-beta.43':
    resolution: {integrity: sha512-j6txGltFeIiFWbK9LwceIsKoYj0cNsrvEGBf3C5rTb+1N27wHz4anRzd6yjiKfzwfTtQIoP6l0KnlFZ2QxMe7g==}

  '@girs/gobject-2.0@2.88.0-4.0.0-beta.43':
    resolution: {integrity: sha512-8rL8FGgTSEb5cwX9X6GHJMkgm0B73UioQncxy4OpPVBpsC+V7vmYHkuUmsaioSM5VseHvptnSLNJ5tKyv0HNvg==}

  '@girs/graphene-1.0@1.0.0-4.0.0-beta.43':
    resolution: {integrity: sha512-lkpgoAFJiXHtHn/U7LERk/HbPQIYSdoCHMTonJnIims1bv0o57ncMpDWsbRtwdpSeJeiNS2eYSbVLZPCXkG/Dg==}

  '@girs/gsk-4.0@4.0.0-4.0.0-beta.43':
    resolution: {integrity: sha512-P0fIjiQTTHGV1968W6u1XxBnJrhfifSHuVb2SaJYk1Avji/b9Q+dTHonH8E4suWUvtOjxVCyDD83THUWJhEH1A==}

  '@girs/gtk-4.0@4.22.1-4.0.0-beta.43':
    resolution: {integrity: sha512-jr607UWc1siHv+04CXMfrZzRgtiH3tuUeSxFFVIgkIXEfoviqBOW9vxthXDFWetdj9L9YqZXG9VSHZftAtS0Nw==}

  '@girs/gvc-1.0@1.0.0-4.0.0-beta.43':
    resolution: {integrity: sha512-8e+lArXJnIT7HWgu4vJeOCk70zVjjH0jmggwbq6sVoPSntlk0Dcg8HGjxWMSXTr2uibNRshUSDqIvnX1VZopRg==}

  '@girs/harfbuzz-0.0@12.3.2-4.0.0-beta.43':
    resolution: {integrity: sha512-IX6jhikoEQ+q+/AjOFEHMdnazO7o4V8jibaMENoyv0//4Qz040JgZ5uETpxPFd5sADEKfm/KrW8D2KLzAE7RuQ==}

  '@girs/meta-16@16.0.0-4.0.0-beta.43':
    resolution: {integrity: sha512-jqXo5674ag6y+0tmHa2V/VOqvFOfZ0MEZC1m0YY3T1DiG/+o+eNbBmJqW4xq3J7U3jQgc2BCLcOtoriSKqSpJg==}

  '@girs/mtk-16@16.0.0-4.0.0-beta.43':
    resolution: {integrity: sha512-rIazprBT6PWT+k0+4EEeLi8IUZIx8tHwjrfHD5tOuMRIPwv0TfBExek4lEwr2idtr58hvq/m7j8xXLjE0sqOfA==}

  '@girs/nm-1.0@1.56.0-4.0.0-beta.43':
    resolution: {integrity: sha512-MutKrDKyyfh10WcbYA2ABpvliyBhbP7tjhrTdEXYX1HWroyXw5TCSqkm8CyUMgxxVSNA65B9fkVmk5UIt/Wpjg==}

  '@girs/pango-1.0@1.57.0-4.0.0-beta.43':
    resolution: {integrity: sha512-FgvFu1cIgUVHQhT4nUUqRc7HBIB2K5PgmjbEv8DItH1sq/aT5CC2vce/EF/rWtnYIeZnZmJNk/t2387qEv3aIQ==}

  '@girs/pangocairo-1.0@1.0.0-4.0.0-beta.43':
    resolution: {integrity: sha512-BDx+31rLlgEW+xfKUUVLbl6afPZFVkgbcgs6RoAObUC27T2yYYBEsG9/Z8Pl8FriTTGEWIQ6C6Ye9F6y33px1Q==}

  '@girs/polkit-1.0@1.0.0-4.0.0-beta.43':
    resolution: {integrity: sha512-EYNf4koAsTuWQLcuRItKw/QLeJfCZAwgfPTPw/lUw66HltLi1X2OByoQ4eAglsunolHDt1YGQS9LT868Ah2tGQ==}

  '@girs/polkitagent-1.0@1.0.0-4.0.0-beta.43':
    resolution: {integrity: sha512-uQUbNUn7DDtXgkBTrooZsN0Au0vyisT91F4NzJWHtm/puRsEORRUSsF+gPvZjip3AlVH9w+goSC+lrbBsf0NsA==}

  '@girs/shell-16@16.0.0-4.0.0-beta.43':
    resolution: {integrity: sha512-PVywTsZYoqjobGufigE0aHAaPqhvI1IYDZhLDeJGyrRITEB5CmPjnUG/s9Nd9/NuP3wckUk0cDHqtIABlfhTfg==}

  '@girs/st-16@16.0.0-4.0.0-beta.43':
    resolution: {integrity: sha512-c3fB8L0zdZmAUeuU965nYcO6j32WsF9W9ttDbw4QayG9P5FlqhN0OpH/24pmyPczCDiKGr5kcyivB4cB/f7yLg==}

  '@girs/xfixes-4.0@4.0.0-4.0.0-beta.43':
    resolution: {integrity: sha512-V1ra9we8I9iOCvy3lGspst6W3CT7WjtdaCcMA1dyt3TkS0GUppIS5mDtW3njQyRk1X+0ZQXL5zZQdBvDjGM9mQ==}

  '@girs/xlib-2.0@2.0.0-4.0.0-beta.43':
    resolution: {integrity: sha512-ukeuGJJoMdUyJkQb0rY2DzU6u1fBCuWPpw6qyi1SutXBwzWLel/Osdxn+07i5Ha4+0RQ6kCAOdMYzwinFjLaBA==}

snapshots:

  '@girs/adw-1@1.10.0-4.0.0-beta.43':
    dependencies:
      '@girs/cairo-1.0': 1.0.0-4.0.0-beta.43
      '@girs/freetype2-2.0': 2.0.0-4.0.0-beta.43
      '@girs/gdk-4.0': 4.0.0-4.0.0-beta.43
      '@girs/gdkpixbuf-2.0': 2.0.0-4.0.0-beta.43
      '@girs/gio-2.0': 2.88.0-4.0.0-beta.43
      '@girs/gjs': 4.0.0-beta.43
      '@girs/glib-2.0': 2.88.0-4.0.0-beta.43
      '@girs/gmodule-2.0': 2.0.0-4.0.0-beta.43
      '@girs/gobject-2.0': 2.88.0-4.0.0-beta.43
      '@girs/graphene-1.0': 1.0.0-4.0.0-beta.43
      '@girs/gsk-4.0': 4.0.0-4.0.0-beta.43
      '@girs/gtk-4.0': 4.22.1-4.0.0-beta.43
      '@girs/harfbuzz-0.0': 12.3.2-4.0.0-beta.43
      '@girs/pango-1.0': 1.57.0-4.0.0-beta.43
      '@girs/pangocairo-1.0': 1.0.0-4.0.0-beta.43

  '@girs/atk-1.0@2.60.0-4.0.0-beta.43':
    dependencies:
      '@girs/gjs': 4.0.0-beta.43
      '@girs/glib-2.0': 2.88.0-4.0.0-beta.43
      '@girs/gobject-2.0': 2.88.0-4.0.0-beta.43

  '@girs/cairo-1.0@1.0.0-4.0.0-beta.43':
    dependencies:
      '@girs/gjs': 4.0.0-beta.43
      '@girs/glib-2.0': 2.88.0-4.0.0-beta.43
      '@girs/gobject-2.0': 2.88.0-4.0.0-beta.43

  '@girs/clutter-16@16.0.0-4.0.0-beta.43':
    dependencies:
      '@girs/atk-1.0': 2.60.0-4.0.0-beta.43
      '@girs/cairo-1.0': 1.0.0-4.0.0-beta.43
      '@girs/cogl-16': 16.0.0-4.0.0-beta.43
      '@girs/freetype2-2.0': 2.0.0-4.0.0-beta.43
      '@girs/gio-2.0': 2.88.0-4.0.0-beta.43
      '@girs/gjs': 4.0.0-beta.43
      '@girs/gl-1.0': 1.0.0-4.0.0-beta.43
      '@girs/glib-2.0': 2.88.0-4.0.0-beta.43
      '@girs/gmodule-2.0': 2.0.0-4.0.0-beta.43
      '@girs/gobject-2.0': 2.88.0-4.0.0-beta.43
      '@girs/graphene-1.0': 1.0.0-4.0.0-beta.43
      '@girs/harfbuzz-0.0': 12.3.2-4.0.0-beta.43
      '@girs/mtk-16': 16.0.0-4.0.0-beta.43
      '@girs/pango-1.0': 1.57.0-4.0.0-beta.43
      '@girs/xlib-2.0': 2.0.0-4.0.0-beta.43

  '@girs/cogl-16@16.0.0-4.0.0-beta.43':
    dependencies:
      '@girs/gjs': 4.0.0-beta.43
      '@girs/gl-1.0': 1.0.0-4.0.0-beta.43
      '@girs/glib-2.0': 2.88.0-4.0.0-beta.43
      '@girs/gobject-2.0': 2.88.0-4.0.0-beta.43
      '@girs/graphene-1.0': 1.0.0-4.0.0-beta.43
      '@girs/mtk-16': 16.0.0-4.0.0-beta.43
      '@girs/xlib-2.0': 2.0.0-4.0.0-beta.43

  '@girs/freetype2-2.0@2.0.0-4.0.0-beta.43':
    dependencies:
      '@girs/gjs': 4.0.0-beta.43
      '@girs/gobject-2.0': 2.88.0-4.0.0-beta.43

  '@girs/gck-2@4.4.0-4.0.0-beta.43':
    dependencies:
      '@girs/gio-2.0': 2.88.0-4.0.0-beta.43
      '@girs/gjs': 4.0.0-beta.43
      '@girs/glib-2.0': 2.88.0-4.0.0-beta.43
      '@girs/gmodule-2.0': 2.0.0-4.0.0-beta.43
      '@girs/gobject-2.0': 2.88.0-4.0.0-beta.43

  '@girs/gcr-4@4.4.0-4.0.0-beta.43':
    dependencies:
      '@girs/gck-2': 4.4.0-4.0.0-beta.43
      '@girs/gio-2.0': 2.88.0-4.0.0-beta.43
      '@girs/gjs': 4.0.0-beta.43
      '@girs/glib-2.0': 2.88.0-4.0.0-beta.43
      '@girs/gmodule-2.0': 2.0.0-4.0.0-beta.43
      '@girs/gobject-2.0': 2.88.0-4.0.0-beta.43

  '@girs/gdesktopenums-3.0@3.0.0-4.0.0-beta.43':
    dependencies:
      '@girs/gjs': 4.0.0-beta.43
      '@girs/gobject-2.0': 2.88.0-4.0.0-beta.43

  '@girs/gdk-4.0@4.0.0-4.0.0-beta.43':
    dependencies:
      '@girs/cairo-1.0': 1.0.0-4.0.0-beta.43
      '@girs/freetype2-2.0': 2.0.0-4.0.0-beta.43
      '@girs/gdkpixbuf-2.0': 2.0.0-4.0.0-beta.43
      '@girs/gio-2.0': 2.88.0-4.0.0-beta.43
      '@girs/gjs': 4.0.0-beta.43
      '@girs/glib-2.0': 2.88.0-4.0.0-beta.43
      '@girs/gmodule-2.0': 2.0.0-4.0.0-beta.43
      '@girs/gobject-2.0': 2.88.0-4.0.0-beta.43
      '@girs/harfbuzz-0.0': 12.3.2-4.0.0-beta.43
      '@girs/pango-1.0': 1.57.0-4.0.0-beta.43
      '@girs/pangocairo-1.0': 1.0.0-4.0.0-beta.43

  '@girs/gdkpixbuf-2.0@2.0.0-4.0.0-beta.43':
    dependencies:
      '@girs/gio-2.0': 2.88.0-4.0.0-beta.43
      '@girs/gjs': 4.0.0-beta.43
      '@girs/glib-2.0': 2.88.0-4.0.0-beta.43
      '@girs/gmodule-2.0': 2.0.0-4.0.0-beta.43
      '@girs/gobject-2.0': 2.88.0-4.0.0-beta.43

  '@girs/gio-2.0@2.88.0-4.0.0-beta.43':
    dependencies:
      '@girs/gjs': 4.0.0-beta.43
      '@girs/glib-2.0': 2.88.0-4.0.0-beta.43
      '@girs/gmodule-2.0': 2.0.0-4.0.0-beta.43
      '@girs/gobject-2.0': 2.88.0-4.0.0-beta.43

  '@girs/gjs@4.0.0-beta.43':
    dependencies:
      '@girs/cairo-1.0': 1.0.0-4.0.0-beta.43
      '@girs/gio-2.0': 2.88.0-4.0.0-beta.43
      '@girs/glib-2.0': 2.88.0-4.0.0-beta.43
      '@girs/gobject-2.0': 2.88.0-4.0.0-beta.43

  '@girs/gl-1.0@1.0.0-4.0.0-beta.43':
    dependencies:
      '@girs/gjs': 4.0.0-beta.43
      '@girs/gobject-2.0': 2.88.0-4.0.0-beta.43

  '@girs/glib-2.0@2.88.0-4.0.0-beta.43':
    dependencies:
      '@girs/gjs': 4.0.0-beta.43
      '@girs/gobject-2.0': 2.88.0-4.0.0-beta.43

  '@girs/gmodule-2.0@2.0.0-4.0.0-beta.43':
    dependencies:
      '@girs/gjs': 4.0.0-beta.43
      '@girs/glib-2.0': 2.88.0-4.0.0-beta.43
      '@girs/gobject-2.0': 2.88.0-4.0.0-beta.43

  '@girs/gobject-2.0@2.88.0-4.0.0-beta.43':
    dependencies:
      '@girs/gjs': 4.0.0-beta.43
      '@girs/glib-2.0': 2.88.0-4.0.0-beta.43

  '@girs/graphene-1.0@1.0.0-4.0.0-beta.43':
    dependencies:
      '@girs/gjs': 4.0.0-beta.43
      '@girs/glib-2.0': 2.88.0-4.0.0-beta.43
      '@girs/gobject-2.0': 2.88.0-4.0.0-beta.43

  '@girs/gsk-4.0@4.0.0-4.0.0-beta.43':
    dependencies:
      '@girs/cairo-1.0': 1.0.0-4.0.0-beta.43
      '@girs/freetype2-2.0': 2.0.0-4.0.0-beta.43
      '@girs/gdk-4.0': 4.0.0-4.0.0-beta.43
      '@girs/gdkpixbuf-2.0': 2.0.0-4.0.0-beta.43
      '@girs/gio-2.0': 2.88.0-4.0.0-beta.43
      '@girs/gjs': 4.0.0-beta.43
      '@girs/glib-2.0': 2.88.0-4.0.0-beta.43
      '@girs/gmodule-2.0': 2.0.0-4.0.0-beta.43
      '@girs/gobject-2.0': 2.88.0-4.0.0-beta.43
      '@girs/graphene-1.0': 1.0.0-4.0.0-beta.43
      '@girs/harfbuzz-0.0': 12.3.2-4.0.0-beta.43
      '@girs/pango-1.0': 1.57.0-4.0.0-beta.43
      '@girs/pangocairo-1.0': 1.0.0-4.0.0-beta.43

  '@girs/gtk-4.0@4.22.1-4.0.0-beta.43':
    dependencies:
      '@girs/cairo-1.0': 1.0.0-4.0.0-beta.43
      '@girs/freetype2-2.0': 2.0.0-4.0.0-beta.43
      '@girs/gdk-4.0': 4.0.0-4.0.0-beta.43
      '@girs/gdkpixbuf-2.0': 2.0.0-4.0.0-beta.43
      '@girs/gio-2.0': 2.88.0-4.0.0-beta.43
      '@girs/gjs': 4.0.0-beta.43
      '@girs/glib-2.0': 2.88.0-4.0.0-beta.43
      '@girs/gmodule-2.0': 2.0.0-4.0.0-beta.43
      '@girs/gobject-2.0': 2.88.0-4.0.0-beta.43
      '@girs/graphene-1.0': 1.0.0-4.0.0-beta.43
      '@girs/gsk-4.0': 4.0.0-4.0.0-beta.43
      '@girs/harfbuzz-0.0': 12.3.2-4.0.0-beta.43
      '@girs/pango-1.0': 1.57.0-4.0.0-beta.43
      '@girs/pangocairo-1.0': 1.0.0-4.0.0-beta.43

  '@girs/gvc-1.0@1.0.0-4.0.0-beta.43':
    dependencies:
      '@girs/gio-2.0': 2.88.0-4.0.0-beta.43
      '@girs/gjs': 4.0.0-beta.43
      '@girs/glib-2.0': 2.88.0-4.0.0-beta.43
      '@girs/gmodule-2.0': 2.0.0-4.0.0-beta.43
      '@girs/gobject-2.0': 2.88.0-4.0.0-beta.43

  '@girs/harfbuzz-0.0@12.3.2-4.0.0-beta.43':
    dependencies:
      '@girs/freetype2-2.0': 2.0.0-4.0.0-beta.43
      '@girs/gjs': 4.0.0-beta.43
      '@girs/glib-2.0': 2.88.0-4.0.0-beta.43
      '@girs/gobject-2.0': 2.88.0-4.0.0-beta.43

  '@girs/meta-16@16.0.0-4.0.0-beta.43':
    dependencies:
      '@girs/atk-1.0': 2.60.0-4.0.0-beta.43
      '@girs/cairo-1.0': 1.0.0-4.0.0-beta.43
      '@girs/clutter-16': 16.0.0-4.0.0-beta.43
      '@girs/cogl-16': 16.0.0-4.0.0-beta.43
      '@girs/freetype2-2.0': 2.0.0-4.0.0-beta.43
      '@girs/gdesktopenums-3.0': 3.0.0-4.0.0-beta.43
      '@girs/gio-2.0': 2.88.0-4.0.0-beta.43
      '@girs/gjs': 4.0.0-beta.43
      '@girs/gl-1.0': 1.0.0-4.0.0-beta.43
      '@girs/glib-2.0': 2.88.0-4.0.0-beta.43
      '@girs/gmodule-2.0': 2.0.0-4.0.0-beta.43
      '@girs/gobject-2.0': 2.88.0-4.0.0-beta.43
      '@girs/graphene-1.0': 1.0.0-4.0.0-beta.43
      '@girs/harfbuzz-0.0': 12.3.2-4.0.0-beta.43
      '@girs/mtk-16': 16.0.0-4.0.0-beta.43
      '@girs/pango-1.0': 1.57.0-4.0.0-beta.43
      '@girs/xfixes-4.0': 4.0.0-4.0.0-beta.43
      '@girs/xlib-2.0': 2.0.0-4.0.0-beta.43

  '@girs/mtk-16@16.0.0-4.0.0-beta.43':
    dependencies:
      '@girs/gjs': 4.0.0-beta.43
      '@girs/glib-2.0': 2.88.0-4.0.0-beta.43
      '@girs/gobject-2.0': 2.88.0-4.0.0-beta.43
      '@girs/graphene-1.0': 1.0.0-4.0.0-beta.43

  '@girs/nm-1.0@1.56.0-4.0.0-beta.43':
    dependencies:
      '@girs/gio-2.0': 2.88.0-4.0.0-beta.43
      '@girs/gjs': 4.0.0-beta.43
      '@girs/glib-2.0': 2.88.0-4.0.0-beta.43
      '@girs/gmodule-2.0': 2.0.0-4.0.0-beta.43
      '@girs/gobject-2.0': 2.88.0-4.0.0-beta.43

  '@girs/pango-1.0@1.57.0-4.0.0-beta.43':
    dependencies:
      '@girs/cairo-1.0': 1.0.0-4.0.0-beta.43
      '@girs/freetype2-2.0': 2.0.0-4.0.0-beta.43
      '@girs/gio-2.0': 2.88.0-4.0.0-beta.43
      '@girs/gjs': 4.0.0-beta.43
      '@girs/glib-2.0': 2.88.0-4.0.0-beta.43
      '@girs/gmodule-2.0': 2.0.0-4.0.0-beta.43
      '@girs/gobject-2.0': 2.88.0-4.0.0-beta.43
      '@girs/harfbuzz-0.0': 12.3.2-4.0.0-beta.43

  '@girs/pangocairo-1.0@1.0.0-4.0.0-beta.43':
    dependencies:
      '@girs/cairo-1.0': 1.0.0-4.0.0-beta.43
      '@girs/freetype2-2.0': 2.0.0-4.0.0-beta.43
      '@girs/gio-2.0': 2.88.0-4.0.0-beta.43
      '@girs/gjs': 4.0.0-beta.43
      '@girs/glib-2.0': 2.88.0-4.0.0-beta.43
      '@girs/gmodule-2.0': 2.0.0-4.0.0-beta.43
      '@girs/gobject-2.0': 2.88.0-4.0.0-beta.43
      '@girs/harfbuzz-0.0': 12.3.2-4.0.0-beta.43
      '@girs/pango-1.0': 1.57.0-4.0.0-beta.43

  '@girs/polkit-1.0@1.0.0-4.0.0-beta.43':
    dependencies:
      '@girs/gio-2.0': 2.88.0-4.0.0-beta.43
      '@girs/gjs': 4.0.0-beta.43
      '@girs/glib-2.0': 2.88.0-4.0.0-beta.43
      '@girs/gmodule-2.0': 2.0.0-4.0.0-beta.43
      '@girs/gobject-2.0': 2.88.0-4.0.0-beta.43

  '@girs/polkitagent-1.0@1.0.0-4.0.0-beta.43':
    dependencies:
      '@girs/gio-2.0': 2.88.0-4.0.0-beta.43
      '@girs/gjs': 4.0.0-beta.43
      '@girs/glib-2.0': 2.88.0-4.0.0-beta.43
      '@girs/gmodule-2.0': 2.0.0-4.0.0-beta.43
      '@girs/gobject-2.0': 2.88.0-4.0.0-beta.43
      '@girs/polkit-1.0': 1.0.0-4.0.0-beta.43

  '@girs/shell-16@16.0.0-4.0.0-beta.43':
    dependencies:
      '@girs/atk-1.0': 2.60.0-4.0.0-beta.43
      '@girs/cairo-1.0': 1.0.0-4.0.0-beta.43
      '@girs/clutter-16': 16.0.0-4.0.0-beta.43
      '@girs/cogl-16': 16.0.0-4.0.0-beta.43
      '@girs/freetype2-2.0': 2.0.0-4.0.0-beta.43
      '@girs/gck-2': 4.4.0-4.0.0-beta.43
      '@girs/gcr-4': 4.4.0-4.0.0-beta.43
      '@girs/gdesktopenums-3.0': 3.0.0-4.0.0-beta.43
      '@girs/gdkpixbuf-2.0': 2.0.0-4.0.0-beta.43
      '@girs/gio-2.0': 2.88.0-4.0.0-beta.43
      '@girs/gjs': 4.0.0-beta.43
      '@girs/gl-1.0': 1.0.0-4.0.0-beta.43
      '@girs/glib-2.0': 2.88.0-4.0.0-beta.43
      '@girs/gmodule-2.0': 2.0.0-4.0.0-beta.43
      '@girs/gobject-2.0': 2.88.0-4.0.0-beta.43
      '@girs/graphene-1.0': 1.0.0-4.0.0-beta.43
      '@girs/gvc-1.0': 1.0.0-4.0.0-beta.43
      '@girs/harfbuzz-0.0': 12.3.2-4.0.0-beta.43
      '@girs/meta-16': 16.0.0-4.0.0-beta.43
      '@girs/mtk-16': 16.0.0-4.0.0-beta.43
      '@girs/nm-1.0': 1.56.0-4.0.0-beta.43
      '@girs/pango-1.0': 1.57.0-4.0.0-beta.43
      '@girs/polkit-1.0': 1.0.0-4.0.0-beta.43
      '@girs/polkitagent-1.0': 1.0.0-4.0.0-beta.43
      '@girs/st-16': 16.0.0-4.0.0-beta.43
      '@girs/xfixes-4.0': 4.0.0-4.0.0-beta.43
      '@girs/xlib-2.0': 2.0.0-4.0.0-beta.43

  '@girs/st-16@16.0.0-4.0.0-beta.43':
    dependencies:
      '@girs/atk-1.0': 2.60.0-4.0.0-beta.43
      '@girs/cairo-1.0': 1.0.0-4.0.0-beta.43
      '@girs/clutter-16': 16.0.0-4.0.0-beta.43
      '@girs/cogl-16': 16.0.0-4.0.0-beta.43
      '@girs/freetype2-2.0': 2.0.0-4.0.0-beta.43
      '@girs/gdesktopenums-3.0': 3.0.0-4.0.0-beta.43
      '@girs/gdkpixbuf-2.0': 2.0.0-4.0.0-beta.43
      '@girs/gio-2.0': 2.88.0-4.0.0-beta.43
      '@girs/gjs': 4.0.0-beta.43
      '@girs/gl-1.0': 1.0.0-4.0.0-beta.43
      '@girs/glib-2.0': 2.88.0-4.0.0-beta.43
      '@girs/gmodule-2.0': 2.0.0-4.0.0-beta.43
      '@girs/gobject-2.0': 2.88.0-4.0.0-beta.43
      '@girs/graphene-1.0': 1.0.0-4.0.0-beta.43
      '@girs/harfbuzz-0.0': 12.3.2-4.0.0-beta.43
      '@girs/meta-16': 16.0.0-4.0.0-beta.43
      '@girs/mtk-16': 16.0.0-4.0.0-beta.43
      '@girs/pango-1.0': 1.57.0-4.0.0-beta.43
      '@girs/xfixes-4.0': 4.0.0-4.0.0-beta.43
      '@girs/xlib-2.0': 2.0.0-4.0.0-beta.43

  '@girs/xfixes-4.0@4.0.0-4.0.0-beta.43':
    dependencies:
      '@girs/gjs': 4.0.0-beta.43
      '@girs/gobject-2.0': 2.88.0-4.0.0-beta.43

  '@girs/xlib-2.0@2.0.0-4.0.0-beta.43':
    dependencies:
      '@girs/gjs': 4.0.0-beta.43
      '@girs/gobject-2.0': 2.88.0-4.0.0-beta.43
