lockfileVersion: '9.0'

settings:
  autoInstallPeers: true
  excludeLinksFromLockfile: false

overrides:
  '@girs/accountsservice-1.0': 1.0.0-4.0.0-rc.3
  '@girs/adw-1': 1.10.0-4.0.0-rc.3
  '@girs/atk-1.0': 2.60.0-4.0.0-rc.3
  '@girs/clutter-17': 17.0.0-4.0.0-rc.3
  '@girs/cogl-2.0': 2.0.0-4.0.0-rc.3
  '@girs/gcr-4': 4.4.0-4.0.0-rc.3
  '@girs/gdm-1.0': 1.0.0-4.0.0-rc.3
  '@girs/gio-2.0': 2.88.0-4.0.0-rc.3
  '@girs/giounix-2.0': 2.0.0-4.0.0-rc.3
  '@girs/gjs': 4.0.0-rc.3
  '@girs/glib-2.0': 2.88.0-4.0.0-rc.3
  '@girs/gnomebg-4.0': 4.0.0-4.0.0-rc.3
  '@girs/gnomebluetooth-3.0': 3.0.0-4.0.0-rc.3
  '@girs/gnomedesktop-4.0': 4.0.0-4.0.0-rc.3
  '@girs/gobject-2.0': 2.88.0-4.0.0-rc.3
  '@girs/gtk-4.0': 4.23.0-4.0.0-rc.3
  '@girs/gvc-1.0': 1.0.0-4.0.0-rc.3
  '@girs/meta-17': 17.0.0-4.0.0-rc.3
  '@girs/mtk-17': 17.0.0-4.0.0-rc.3
  '@girs/polkit-1.0': 1.0.0-4.0.0-rc.3
  '@girs/shell-17': 17.0.0-4.0.0-rc.3
  '@girs/shew-0': 0.0.0-4.0.0-rc.3
  '@girs/st-17': 17.0.0-4.0.0-rc.3
  '@girs/upowerglib-1.0': 1.91.1-4.0.0-rc.3

importers:

  .:
    dependencies:
      '@girs/gjs':
        specifier: 4.0.0-rc.3
        version: 4.0.0-rc.3
      '@girs/gnome-shell':
        specifier: ^50.0.4
        version: 50.0.4
    devDependencies:
      typescript:
        specifier: ^7.0.2
        version: 7.0.2

packages:

  '@girs/accountsservice-1.0@1.0.0-4.0.0-rc.3':
    resolution: {integrity: sha512-M2xPvtFDwUl8rxVmODlg6dEpU0WZkvQUlLwz0Y8pyDZyoTOll2L/Ni8ROh4z8bgHOfEb99PlaII2sim/asuTuA==}

  '@girs/adw-1@1.10.0-4.0.0-rc.3':
    resolution: {integrity: sha512-9VFEjsFc4+jCHSob2TSw0dIGQ8ZSR32CIQBOm9L/7feqWQWRCzN8hEr7kt+s8vRBYJy3MqOoryLbnwE34NFHEQ==}

  '@girs/atk-1.0@2.60.0-4.0.0-rc.3':
    resolution: {integrity: sha512-g8EXt0PLh6CaqqBDHX/ojn1H44Dmw3GvCPqatmWr/WNTipHLHVdCet/+offyezDaiyn6T4UkyU8ugmYtrAifYA==}

  '@girs/cairo-1.0@1.0.0-4.0.0-rc.3':
    resolution: {integrity: sha512-k/yDmgmzn811QDQYkqsA3sgmvXqystLQBEcTaT46XXX42z14rVybimqlXylsoCTTaC61SIOelFLolzWP7z8ZEg==}

  '@girs/cairo-1.0@4.9.0':
    resolution: {integrity: sha512-4k48vMxVsHVNFz2Ow/tqtqaImhHBDbVUMy1gTO1+O3Pst2VZs9xHlKZsnsepWTs1NNvR1/ppqCS1MXjfrGr0ag==}

  '@girs/clutter-18@4.9.0':
    resolution: {integrity: sha512-sJNixTPIrnB5hR7KyazsuB7QyOOPafh+j3uvXD3sohyxpWNKnhUErWMtAl2umybLRLZfgW9pXVgdirvCPZ87Lg==}

  '@girs/cogl-18@4.9.0':
    resolution: {integrity: sha512-p2AEpE7p51Bg85FztwIXbURFFRa+flwrmeiqngj7jMuJ6qbUBdS28TCEHQkruXT4+NTibZPqxm59Q12TNjX9Pw==}

  '@girs/freetype2-2.0@2.0.0-4.0.0-rc.3':
    resolution: {integrity: sha512-xYbmRZmMYrfyNWoOfmoQ3MNerBU2XLm9fXdlY883aE/yUX1HxXlvj5XRpA6yXStZVjs9keqwDLCklKYQHRCv9A==}

  '@girs/freetype2-2.0@4.9.0':
    resolution: {integrity: sha512-WzRbjGI34XPCRZQxf3O6BkycvoZBtgrw+6CKr6/Kt4vtc6Bq6wLNuIClqfFtKmOpcRNSLKt/uCW9IF/vbyl/dg==}

  '@girs/gck-2@4.4.0-4.0.0-rc.3':
    resolution: {integrity: sha512-T5lFoIOCq/tBk7sbjX0A/aBkr9KTkihIMHlTJb4SPpRP2LLXrv3Hgs/r7i8+oEQaH9M4V5zKr5JdmeHcYvGakw==}

  '@girs/gck-2@4.9.0':
    resolution: {integrity: sha512-+FZJo134OnlicT+kCBNeyElVTOYlM6MTtsF1MUGHLLjhYhoZ22oFWqZr2Bwfq7iiuRI+Zve2yo0+Syd0ERNWUw==}

  '@girs/gcr-4@4.4.0-4.0.0-rc.3':
    resolution: {integrity: sha512-R/mF5M3uGFw9QecwbBRmeMD0DXYiWDTwsTFwtw7Y0Wx0dTUG2zDRFtpZFgBEUZ4bMLP5ug/TlhzUvVLC8EKUcw==}

  '@girs/gdesktopenums-3.0@3.0.0-4.0.0-rc.3':
    resolution: {integrity: sha512-2ZVxa0j8M8HRjQHLUa8gdAIngrDSHdk9giKFZBkcn5MZ3OgwfDAyTVSzJ+fyavKJVjSwxeJUJOEyZyaErAlr3Q==}

  '@girs/gdesktopenums-3.0@4.9.0':
    resolution: {integrity: sha512-AMfXl0zYrtdvJeRwo7BjoxQm7YnrnJLMY7qYjvkeSudZ3AZNUMrDKVCpxlRaTtloP9TCycMhhdpnk8CRHUf2Tg==}

  '@girs/gdk-4.0@4.0.0-4.0.0-rc.3':
    resolution: {integrity: sha512-mpNhH4EohF1d+wC8cAgKnPPvnhYt4Pb6QlqOO2alLRvwlcA79pw9ZfbH6tFVsNnsylyDmQCjOEs2yOwEgxToSQ==}

  '@girs/gdkpixbuf-2.0@2.0.0-4.0.0-rc.3':
    resolution: {integrity: sha512-0w/oIjxcN2SPskI7TTKTl3UuhndhcVDnBVAwX9iehOeI+mGROhQXqT795qJYPfsPe9lfBKBU0mJuZNLHs27xUg==}

  '@girs/gdkpixbuf-2.0@4.9.0':
    resolution: {integrity: sha512-M5TTMRTKuCRJo4JXJGqTnqED+g2rWFfWFuTka9fnY/NRkwF8soZD+LNy2z58JvVPoNeim4Q1xp1NYpNAxQc/qQ==}

  '@girs/gdm-1.0@1.0.0-4.0.0-rc.3':
    resolution: {integrity: sha512-hisc6qQ42jMsaJAMc3qNM9tVff15D8VJVQsDe5mWr4RXARC2xb45ADKSNcvoN7LV2oELtD/nWTnpty7tXpz5kQ==}

  '@girs/gio-2.0@2.88.0-4.0.0-rc.3':
    resolution: {integrity: sha512-yMccXSGk0/3+pdH6O2KVyPrltdQkfV/PVO2Pbsqa1nxQIQwCp+r9LnPbskYqD7hm9Rxtws44xZuHxmykCL79iA==}

  '@girs/giounix-2.0@2.0.0-4.0.0-rc.3':
    resolution: {integrity: sha512-JbpEu7GQFDRjMEzL6KhlTKMMiefaMgIguN0o18E50ltZif+nuDJlTw2GbUfvKz8Yf34IbzGkVTNGIc2Jc2S9KA==}

  '@girs/gjs@4.0.0-rc.3':
    resolution: {integrity: sha512-0+Dtzoz0cx2Wxv8TwaZIM4uhowK5j5hsw37yQSNuP07xK/X4nil/0oXMqJEsMVnPeNeGqlyksWToP4sCOzXTAQ==}

  '@girs/gl-1.0@4.9.0':
    resolution: {integrity: sha512-3mYwXT28bx9ZDlMFliC9NucTRqzSEAManl4GhOP9o/mFUi+VieAbAbtkWLVQvIGfiTnietjZPgeI4JcobozgHA==}

  '@girs/glib-2.0@2.88.0-4.0.0-rc.3':
    resolution: {integrity: sha512-P0A2sg0YuRJDzE8n+PYeMCSoS1gIuQgQRWHPhgtfZ0Bee01XG63Izbzo9mIyLRB+Xqpv96tppGyfi8/cr34t8w==}

  '@girs/gmodule-2.0@2.0.0-4.0.0-rc.3':
    resolution: {integrity: sha512-TvvjgbsQ/rdotrKRejdoZvf9MunjWYVgMjq0ZhHnuoNZ7xr2jcJbPf5tm58Qzq8FAmVjIgcG4Z4S+nNWRFktSg==}

  '@girs/gmodule-2.0@4.9.0':
    resolution: {integrity: sha512-vH75DrILqwaSu2TBgoEeiQlJywLpjGGHSFcT+IQA+iiF+91I2Kqi3KHE9AidxpG226HaRvW+ZNWFECdEV4tPVw==}

  '@girs/gnome-shell@50.0.4':
    resolution: {integrity: sha512-69phtdJHMPUBxVRDqfE4JWSZeauTIl0zFuILMIkJbqyHOb1U9sxN7yN59x+pJWGxVTktFz/Y9uXKjDzOcHlYFA==}

  '@girs/gnomebg-4.0@4.0.0-4.0.0-rc.3':
    resolution: {integrity: sha512-5VZS89/+s3ALcJjR+HfTqg2WAF7mR+761QJGPE3H2CQOmo2QsymjXzgmqQoSUu20gKiX6V0/LebsEWjt6b/QPA==}

  '@girs/gnomebluetooth-3.0@3.0.0-4.0.0-rc.3':
    resolution: {integrity: sha512-Lif2zkKsP68MBzmkH142KXYm2BivvIwKoOAsQuKmnp3oBGfDPh7mo4CG8005E6hNrV+oiLNRcnQFw7naJWudrw==}

  '@girs/gnomedesktop-4.0@4.0.0-4.0.0-rc.3':
    resolution: {integrity: sha512-PzJAK7Oy8nYOGRyN9sQjeheRnf256ydeTFwjDpAbbQEw9JccTTQXIzq2qOmwgok5xye7aBNVMF+CFpeJxMYfWg==}

  '@girs/gobject-2.0@2.88.0-4.0.0-rc.3':
    resolution: {integrity: sha512-cZ2aMK42rlG0nVQ1oJD5vUlgA6/TPtscC7LRQ/kJVciG2EtfnUNso3csMvAPRGnDWadlQ7K+E723nkSDr3SNwA==}

  '@girs/graphene-1.0@1.0.0-4.0.0-rc.3':
    resolution: {integrity: sha512-WWmH5PJDdtTYjOSnIaMnJuJ4SP4kQtd4tr1tvCwzbdD2Y6QSQYesVvPCQQ7G6J5QuxJktoP8Xfif4IXgyjpWRg==}

  '@girs/graphene-1.0@4.9.0':
    resolution: {integrity: sha512-8XPKRlHPzUjXekxAzEWUWwcfC5mwEw2WCpzZ7es1rUCRFB8tjSZWGxqMErHN9hLft7Yd5rtXq8DlUrcmLW/PSg==}

  '@girs/gsk-4.0@4.0.0-4.0.0-rc.3':
    resolution: {integrity: sha512-t81A+2ZOsGS7Ube0rmd2kzLvbBGU+QxQPY7yjQWvTqO1Xn+CWcmztTF42hIJyGoHouOlSOvkL0Iq6UI61/ezlg==}

  '@girs/gtk-4.0@4.23.0-4.0.0-rc.3':
    resolution: {integrity: sha512-Sxp2rrSUOOIfzjPIm2dyEf5/2fQQcQCclN7zqFKXdLYuCt/+sG+AE5JpZUunlgECqjfkd5s7i9cXJl3L93LWRA==}

  '@girs/gvc-1.0@1.0.0-4.0.0-rc.3':
    resolution: {integrity: sha512-v7w4NTS+LwSlzu9Nzes++J8pl0cap8b3uOchOaxi05CYGgk28gFWrL0UYNUAImeLEQ0Dx3+fdBBajcBHY/K8Pg==}

  '@girs/harfbuzz-0.0@13.2.1-4.0.0-rc.3':
    resolution: {integrity: sha512-B2EcirQd2bQqo1DEpxiacpN8tIhJbwGFD2rCFOw4LpLNuyWeRh16yevhntefc4Ub73/QfChO+CLCay/i6VhbZQ==}

  '@girs/harfbuzz-0.0@4.9.0':
    resolution: {integrity: sha512-7DoBhKUSynQxc/E76KZ1yWBd777NU/JPrBtvv5mBnkfBqxz0LwFFuDcn0iYFTKJ51GgyOfJv6dY5AEEP15n/Kg==}

  '@girs/meta-18@4.9.0':
    resolution: {integrity: sha512-RxE/sMdMv8wBf3BqDEDWGNcCTK2Ifp96WD5eqhpi3N7eqGfV7Jc6yonogX4LDXcRUC35i6s1Ihp25AAKPtCu8w==}

  '@girs/mtk-18@4.9.0':
    resolution: {integrity: sha512-np1v0eSs0Rg9Vafw8IR0VRVNaU4rvEztBW35P4AxjvnxQYX1pvb05mwmlM6CvFtgPvdBUc3NkfZ2JutaeFe/kA==}

  '@girs/nm-1.0@4.9.0':
    resolution: {integrity: sha512-/h7siAsQl39e8OC2eDMotMh7QbiXfcgprDFV+YYRHdH3h6PgBrl2wY7sd6y0J9VRoIWD9C+X6XnAcDuC+GU9gw==}

  '@girs/pango-1.0@1.57.1-4.0.0-rc.3':
    resolution: {integrity: sha512-WVVtMGP63QgufQEvpfVwJPscMmomyqRSkg+Ax4V4xlF/TA3joBTgc688wZSrko0fDJnZ5MaQoZloA9PjAYMuhw==}

  '@girs/pango-1.0@4.9.0':
    resolution: {integrity: sha512-WxsQXqenTFNkZB24666aZPuE0BJF0ofx9mhLGXJ99ZpR7yyQY9hwuO6XfECYeKcPQV0Wu47vOtEH1lh1i4GZiQ==}

  '@girs/pangocairo-1.0@1.0.0-4.0.0-rc.3':
    resolution: {integrity: sha512-eBwLrJZHDJAEVMhlVwFARcjyw4rFcfUs6VyOsfmvzWas0yeLY5aa/u6VPTYzrE6TRtjWYoYJX0QG4qjT6QuZ5Q==}

  '@girs/polkit-1.0@1.0.0-4.0.0-rc.3':
    resolution: {integrity: sha512-aOhsQEiUaP/7FFYDe8wSPn2Yz1BWUmboM9exnoAIuSL3mtiRzuf0dGzyBGiZaVvUxWLC42JDmjR6zVShh2CnCg==}

  '@girs/polkitagent-1.0@4.9.0':
    resolution: {integrity: sha512-bbvRhp+z7veoNn/G+6dn2eq6OQAebVKQ3feYCd48H2KJIfJ30kbU9oGNnHDpeXzv2ybcepUzACNE1wRNTKgsRg==}

  '@girs/shell-18@4.9.0':
    resolution: {integrity: sha512-nqoBZlo0BRE3OsKskzCej6Fp09ZWXS3ZvWNeVEiLwvci3KImsIW6AkEv+NrvlUYO3E9UF5aYDHABFNWvHZLZEA==}

  '@girs/shew-0@0.0.0-4.0.0-rc.3':
    resolution: {integrity: sha512-8XG4xpQwgVFBe0VPPQoP1AxwPwMMDebly37BmRnRfb4781Ii+ZO5uKBZR9481j7r+iK2NWtDsq8jfzgR/3DM3w==}

  '@girs/st-18@4.9.0':
    resolution: {integrity: sha512-VMdgmklmH2wDc0CgASmUQDtruTmQCdIqWm8/5F6Ks5URDkP3FRucrq88avXlaerWRN/dwikYT0UQfJPT+Dw8IQ==}

  '@girs/upowerglib-1.0@1.91.1-4.0.0-rc.3':
    resolution: {integrity: sha512-dCQ8Vir7+auotGIRgB44mdq1BCY/3MPqzZ7YX/dsFG1e8Jqr6RLMJSRz++LSpsj7807M/Wo/i0tRPTb1qspJeQ==}

  '@girs/xfixes-4.0@4.9.0':
    resolution: {integrity: sha512-vyCuTgWrgHAGSP3DYrNgP73nQ5AsyGvjjLLapjU06jUJkixxCd0wceXrkFnVJQsXjUT3nfU9yXgdy2vZsJnBVA==}

  '@girs/xlib-2.0@4.9.0':
    resolution: {integrity: sha512-jOMEq91LT410DiJwDo7Xq5yLp5Al0seYZy+rF2YpGUvyfCxOgkmLPTWvhSc4IEJ4AMv+C4d/2suvGh3OUiTHJg==}

  '@typescript/typescript-aix-ppc64@7.0.2':
    resolution: {integrity: sha512-MTKKkWB7p/0E9xi1d1tHtZ5PiLkGEMIq88pK2CubZjOsLtYTLqhgIgi6zepFa+9GHZ6h05NMCkQxGKiPXMxXtQ==}
    engines: {node: '>=16.20.0'}
    cpu: [ppc64]
    os: [aix]

  '@typescript/typescript-darwin-arm64@7.0.2':
    resolution: {integrity: sha512-gowzar9MwS/aRWp6f3a4KUqzRjAZjOsmGNCM6LcTgXum+dBfgsBVMN+AgvOCCbguXyick6LJhpBszxMebJ8syA==}
    engines: {node: '>=16.20.0'}
    cpu: [arm64]
    os: [darwin]

  '@typescript/typescript-darwin-x64@7.0.2':
    resolution: {integrity: sha512-SZ9xZInqApNlNGc9s0W1VSsktYSOe9cFqNOIqmN1Gs8SmkjKZYFt017G4VwPxASInODuAdbTW7sXiFUf893RgA==}
    engines: {node: '>=16.20.0'}
    cpu: [x64]
    os: [darwin]

  '@typescript/typescript-freebsd-arm64@7.0.2':
    resolution: {integrity: sha512-W5NH4y/J0plIIS5b2xvTEkU7JFxyqdMAOgf+Ilhl0vHQXKO5dZoxd+C/jEtq56c4F3wk71RB4BMRQ2XdI+bwYQ==}
    engines: {node: '>=16.20.0'}
    cpu: [arm64]
    os: [freebsd]

  '@typescript/typescript-freebsd-x64@7.0.2':
    resolution: {integrity: sha512-UMGDx5sTpzNw3WiPebH7l90IWfJggEd+egHt/q6p7/Cm3zqoV7VxkGXt+3DxPIw8CcmvAB0j3sVVfbhX+M4Tpw==}
    engines: {node: '>=16.20.0'}
    cpu: [x64]
    os: [freebsd]

  '@typescript/typescript-linux-arm64@7.0.2':
    resolution: {integrity: sha512-Qh4eU4/y3yDjnfjjyPYihMj5/ODIlmt+Bzu17OI+fiSRDW57QmU5SiN63exPRNJPKUzcc1INa1NXdrJ+MqHjUQ==}
    engines: {node: '>=16.20.0'}
    cpu: [arm64]
    os: [linux]

  '@typescript/typescript-linux-arm@7.0.2':
    resolution: {integrity: sha512-gffT3xPz9sR7j/YJExkyPntrI0P2EP9XbOyWzth2/Gs0RstK+90RBcO0ncXoXy/beYll1SXw846Nf2zdnEz0QQ==}
    engines: {node: '>=16.20.0'}
    cpu: [arm]
    os: [linux]

  '@typescript/typescript-linux-loong64@7.0.2':
    resolution: {integrity: sha512-uEHck9i8hoAzXPiYRib1O7miOnz23SxIeVl6F4LXox+qov1K35jHcEW6VHKvZI+pyvl7fZEP4MCU5LYvIq1GuQ==}
    engines: {node: '>=16.20.0'}
    cpu: [loong64]
    os: [linux]

  '@typescript/typescript-linux-mips64el@7.0.2':
    resolution: {integrity: sha512-R4KvAMnE43W5Qeqb0Ly56O3mWMWIAgsMyz36DCaycd5nbg/9kzm0liw3JocfRqyJY0KPmzFjbswozXyW0DnIYA==}
    engines: {node: '>=16.20.0'}
    cpu: [mips64el]
    os: [linux]

  '@typescript/typescript-linux-ppc64@7.0.2':
    resolution: {integrity: sha512-DORx5b3sd/4S7eayxm4FQv+A7CrkUIGRaHiwI8oiHTAI1fAPWhF4J0vAlkC8biAlHSVVwxMQ3tjZ2/DVbnQiiA==}
    engines: {node: '>=16.20.0'}
    cpu: [ppc64]
    os: [linux]

  '@typescript/typescript-linux-riscv64@7.0.2':
    resolution: {integrity: sha512-wf0jqEDOjrPRnKwYRyyJDRo11KMbvMFrU+q4zqKyChODBzvlkbhNQfKvLxQCcwTpdDaXSHZTVuh0JoCrKCUMHQ==}
    engines: {node: '>=16.20.0'}
    cpu: [riscv64]
    os: [linux]

  '@typescript/typescript-linux-s390x@7.0.2':
    resolution: {integrity: sha512-IkwJc3L7yhytWd/ewjyxNDfOmswCm9GWMJT/ue/dU4aZNbwZeYAetq42VyLmsmSjvoX7z74X6ZaYCtzAr0EuGw==}
    engines: {node: '>=16.20.0'}
    cpu: [s390x]
    os: [linux]

  '@typescript/typescript-linux-x64@7.0.2':
    resolution: {integrity: sha512-EYdf2cNg7rgCWJnxCdJ+F3V39O8ihb37eHAu1LK8oAFizgTQbPOK7zHHXbPt8rX24COqODXeI3sIf0fCXG7H/A==}
    engines: {node: '>=16.20.0'}
    cpu: [x64]
    os: [linux]

  '@typescript/typescript-netbsd-arm64@7.0.2':
    resolution: {integrity: sha512-+polYF4MF04aPpO5FTkHran9yUQDSXqy5GiSDKpsll5jy3l3+g9QLhpf39T+ePtefhXLOGrLl0QIjkQP6VnelA==}
    engines: {node: '>=16.20.0'}
    cpu: [arm64]
    os: [netbsd]

  '@typescript/typescript-netbsd-x64@7.0.2':
    resolution: {integrity: sha512-8YIT0EHM/3dq10ZOVF/A7pc/YSMtbcecct4rWtexrnSCHOPcpC2KTLXfTCR6vDpnSiY12heNb1GiN/wu+T/FyA==}
    engines: {node: '>=16.20.0'}
    cpu: [x64]
    os: [netbsd]

  '@typescript/typescript-openbsd-arm64@7.0.2':
    resolution: {integrity: sha512-APT8+ClYnuYm1u9+kgGXoMj2VzWzcymwh2gNSQVySHfkRDGOTVkoWLjCmOQSaO+PoqQ57B0flRp9SA+7GnnkzQ==}
    engines: {node: '>=16.20.0'}
    cpu: [arm64]
    os: [openbsd]

  '@typescript/typescript-openbsd-x64@7.0.2':
    resolution: {integrity: sha512-yX7s+Q0Dln0Dt9tEzZsAjXXR/+ytBM7AlglaqyeMPxQszJ1JhlJdZ6jLA+IzldHtflX81em7lDao1xXu+aRRkg==}
    engines: {node: '>=16.20.0'}
    cpu: [x64]
    os: [openbsd]

  '@typescript/typescript-sunos-x64@7.0.2':
    resolution: {integrity: sha512-dLJDGaLZ1D4HPQn62u1n8mBDkJREwMsAkCdkwd4Ieqw+x3TUyTsqY0YiBCtE6H6OzzgGk3iuZ3vFWRS+E8/d1g==}
    engines: {node: '>=16.20.0'}
    cpu: [x64]
    os: [sunos]

  '@typescript/typescript-win32-arm64@7.0.2':
    resolution: {integrity: sha512-Gyl1Vy6OsWesLzmq+EP0Fb7b4Nid5232AvcA2SFcdYreldpNtYFFofPjnt62y9hQy7VTaZp65ICJjuAQRaVcIQ==}
    engines: {node: '>=16.20.0'}
    cpu: [arm64]
    os: [win32]

  '@typescript/typescript-win32-x64@7.0.2':
    resolution: {integrity: sha512-0BQ3HkAHHlKLSp1qRvf3SUhGpGsDuhB/jgFw75guyqbxJqEaS0Cw/VFO8i2nHglJUzQCRtMMR/IBAKE3ETMC4g==}
    engines: {node: '>=16.20.0'}
    cpu: [x64]
    os: [win32]

  typescript@7.0.2:
    resolution: {integrity: sha512-8FYau96o3NKOhbjKi/qNvG/W5jhzxkbdm5sj9AbZ/5T5sWqn3hJgLfGx27sRKZWTvyzCP8dLRBTf5tBTSRVUNA==}
    engines: {node: '>=16.20.0'}
    hasBin: true

snapshots:

  '@girs/accountsservice-1.0@1.0.0-4.0.0-rc.3':
    dependencies:
      '@girs/gio-2.0': 2.88.0-4.0.0-rc.3
      '@girs/gjs': 4.0.0-rc.3
      '@girs/glib-2.0': 2.88.0-4.0.0-rc.3
      '@girs/gmodule-2.0': 2.0.0-4.0.0-rc.3
      '@girs/gobject-2.0': 2.88.0-4.0.0-rc.3

  '@girs/adw-1@1.10.0-4.0.0-rc.3':
    dependencies:
      '@girs/cairo-1.0': 1.0.0-4.0.0-rc.3
      '@girs/freetype2-2.0': 2.0.0-4.0.0-rc.3
      '@girs/gdk-4.0': 4.0.0-4.0.0-rc.3
      '@girs/gdkpixbuf-2.0': 2.0.0-4.0.0-rc.3
      '@girs/gio-2.0': 2.88.0-4.0.0-rc.3
      '@girs/gjs': 4.0.0-rc.3
      '@girs/glib-2.0': 2.88.0-4.0.0-rc.3
      '@girs/gmodule-2.0': 2.0.0-4.0.0-rc.3
      '@girs/gobject-2.0': 2.88.0-4.0.0-rc.3
      '@girs/graphene-1.0': 1.0.0-4.0.0-rc.3
      '@girs/gsk-4.0': 4.0.0-4.0.0-rc.3
      '@girs/gtk-4.0': 4.23.0-4.0.0-rc.3
      '@girs/harfbuzz-0.0': 13.2.1-4.0.0-rc.3
      '@girs/pango-1.0': 1.57.1-4.0.0-rc.3
      '@girs/pangocairo-1.0': 1.0.0-4.0.0-rc.3

  '@girs/atk-1.0@2.60.0-4.0.0-rc.3':
    dependencies:
      '@girs/gjs': 4.0.0-rc.3
      '@girs/glib-2.0': 2.88.0-4.0.0-rc.3
      '@girs/gobject-2.0': 2.88.0-4.0.0-rc.3

  '@girs/cairo-1.0@1.0.0-4.0.0-rc.3':
    dependencies:
      '@girs/gjs': 4.0.0-rc.3
      '@girs/glib-2.0': 2.88.0-4.0.0-rc.3
      '@girs/gobject-2.0': 2.88.0-4.0.0-rc.3

  '@girs/cairo-1.0@4.9.0':
    dependencies:
      '@girs/gjs': 4.0.0-rc.3
      '@girs/glib-2.0': 2.88.0-4.0.0-rc.3
      '@girs/gobject-2.0': 2.88.0-4.0.0-rc.3

  '@girs/clutter-18@4.9.0':
    dependencies:
      '@girs/atk-1.0': 2.60.0-4.0.0-rc.3
      '@girs/cairo-1.0': 4.9.0
      '@girs/cogl-18': 4.9.0
      '@girs/freetype2-2.0': 4.9.0
      '@girs/gio-2.0': 2.88.0-4.0.0-rc.3
      '@girs/gjs': 4.0.0-rc.3
      '@girs/gl-1.0': 4.9.0
      '@girs/glib-2.0': 2.88.0-4.0.0-rc.3
      '@girs/gmodule-2.0': 4.9.0
      '@girs/gobject-2.0': 2.88.0-4.0.0-rc.3
      '@girs/graphene-1.0': 4.9.0
      '@girs/harfbuzz-0.0': 4.9.0
      '@girs/mtk-18': 4.9.0
      '@girs/pango-1.0': 4.9.0

  '@girs/cogl-18@4.9.0':
    dependencies:
      '@girs/gjs': 4.0.0-rc.3
      '@girs/gl-1.0': 4.9.0
      '@girs/glib-2.0': 2.88.0-4.0.0-rc.3
      '@girs/gobject-2.0': 2.88.0-4.0.0-rc.3
      '@girs/graphene-1.0': 4.9.0
      '@girs/mtk-18': 4.9.0

  '@girs/freetype2-2.0@2.0.0-4.0.0-rc.3':
    dependencies:
      '@girs/gjs': 4.0.0-rc.3
      '@girs/gobject-2.0': 2.88.0-4.0.0-rc.3

  '@girs/freetype2-2.0@4.9.0':
    dependencies:
      '@girs/gjs': 4.0.0-rc.3
      '@girs/gobject-2.0': 2.88.0-4.0.0-rc.3

  '@girs/gck-2@4.4.0-4.0.0-rc.3':
    dependencies:
      '@girs/gio-2.0': 2.88.0-4.0.0-rc.3
      '@girs/gjs': 4.0.0-rc.3
      '@girs/glib-2.0': 2.88.0-4.0.0-rc.3
      '@girs/gmodule-2.0': 2.0.0-4.0.0-rc.3
      '@girs/gobject-2.0': 2.88.0-4.0.0-rc.3

  '@girs/gck-2@4.9.0':
    dependencies:
      '@girs/gio-2.0': 2.88.0-4.0.0-rc.3
      '@girs/gjs': 4.0.0-rc.3
      '@girs/glib-2.0': 2.88.0-4.0.0-rc.3
      '@girs/gmodule-2.0': 4.9.0
      '@girs/gobject-2.0': 2.88.0-4.0.0-rc.3

  '@girs/gcr-4@4.4.0-4.0.0-rc.3':
    dependencies:
      '@girs/gck-2': 4.4.0-4.0.0-rc.3
      '@girs/gio-2.0': 2.88.0-4.0.0-rc.3
      '@girs/gjs': 4.0.0-rc.3
      '@girs/glib-2.0': 2.88.0-4.0.0-rc.3
      '@girs/gmodule-2.0': 2.0.0-4.0.0-rc.3
      '@girs/gobject-2.0': 2.88.0-4.0.0-rc.3

  '@girs/gdesktopenums-3.0@3.0.0-4.0.0-rc.3':
    dependencies:
      '@girs/gjs': 4.0.0-rc.3
      '@girs/gobject-2.0': 2.88.0-4.0.0-rc.3

  '@girs/gdesktopenums-3.0@4.9.0':
    dependencies:
      '@girs/gjs': 4.0.0-rc.3
      '@girs/gobject-2.0': 2.88.0-4.0.0-rc.3

  '@girs/gdk-4.0@4.0.0-4.0.0-rc.3':
    dependencies:
      '@girs/cairo-1.0': 1.0.0-4.0.0-rc.3
      '@girs/freetype2-2.0': 2.0.0-4.0.0-rc.3
      '@girs/gdkpixbuf-2.0': 2.0.0-4.0.0-rc.3
      '@girs/gio-2.0': 2.88.0-4.0.0-rc.3
      '@girs/gjs': 4.0.0-rc.3
      '@girs/glib-2.0': 2.88.0-4.0.0-rc.3
      '@girs/gmodule-2.0': 2.0.0-4.0.0-rc.3
      '@girs/gobject-2.0': 2.88.0-4.0.0-rc.3
      '@girs/harfbuzz-0.0': 13.2.1-4.0.0-rc.3
      '@girs/pango-1.0': 1.57.1-4.0.0-rc.3
      '@girs/pangocairo-1.0': 1.0.0-4.0.0-rc.3

  '@girs/gdkpixbuf-2.0@2.0.0-4.0.0-rc.3':
    dependencies:
      '@girs/gio-2.0': 2.88.0-4.0.0-rc.3
      '@girs/gjs': 4.0.0-rc.3
      '@girs/glib-2.0': 2.88.0-4.0.0-rc.3
      '@girs/gmodule-2.0': 2.0.0-4.0.0-rc.3
      '@girs/gobject-2.0': 2.88.0-4.0.0-rc.3

  '@girs/gdkpixbuf-2.0@4.9.0':
    dependencies:
      '@girs/gio-2.0': 2.88.0-4.0.0-rc.3
      '@girs/gjs': 4.0.0-rc.3
      '@girs/glib-2.0': 2.88.0-4.0.0-rc.3
      '@girs/gmodule-2.0': 4.9.0
      '@girs/gobject-2.0': 2.88.0-4.0.0-rc.3

  '@girs/gdm-1.0@1.0.0-4.0.0-rc.3':
    dependencies:
      '@girs/gio-2.0': 2.88.0-4.0.0-rc.3
      '@girs/gjs': 4.0.0-rc.3
      '@girs/glib-2.0': 2.88.0-4.0.0-rc.3
      '@girs/gmodule-2.0': 2.0.0-4.0.0-rc.3
      '@girs/gobject-2.0': 2.88.0-4.0.0-rc.3

  '@girs/gio-2.0@2.88.0-4.0.0-rc.3':
    dependencies:
      '@girs/gjs': 4.0.0-rc.3
      '@girs/glib-2.0': 2.88.0-4.0.0-rc.3
      '@girs/gmodule-2.0': 2.0.0-4.0.0-rc.3
      '@girs/gobject-2.0': 2.88.0-4.0.0-rc.3

  '@girs/giounix-2.0@2.0.0-4.0.0-rc.3':
    dependencies:
      '@girs/gio-2.0': 2.88.0-4.0.0-rc.3
      '@girs/gjs': 4.0.0-rc.3
      '@girs/glib-2.0': 2.88.0-4.0.0-rc.3
      '@girs/gmodule-2.0': 2.0.0-4.0.0-rc.3
      '@girs/gobject-2.0': 2.88.0-4.0.0-rc.3

  '@girs/gjs@4.0.0-rc.3':
    dependencies:
      '@girs/cairo-1.0': 1.0.0-4.0.0-rc.3
      '@girs/gio-2.0': 2.88.0-4.0.0-rc.3
      '@girs/glib-2.0': 2.88.0-4.0.0-rc.3
      '@girs/gobject-2.0': 2.88.0-4.0.0-rc.3

  '@girs/gl-1.0@4.9.0':
    dependencies:
      '@girs/gjs': 4.0.0-rc.3
      '@girs/gobject-2.0': 2.88.0-4.0.0-rc.3

  '@girs/glib-2.0@2.88.0-4.0.0-rc.3':
    dependencies:
      '@girs/gjs': 4.0.0-rc.3
      '@girs/gobject-2.0': 2.88.0-4.0.0-rc.3

  '@girs/gmodule-2.0@2.0.0-4.0.0-rc.3':
    dependencies:
      '@girs/gjs': 4.0.0-rc.3
      '@girs/glib-2.0': 2.88.0-4.0.0-rc.3
      '@girs/gobject-2.0': 2.88.0-4.0.0-rc.3

  '@girs/gmodule-2.0@4.9.0':
    dependencies:
      '@girs/gjs': 4.0.0-rc.3
      '@girs/glib-2.0': 2.88.0-4.0.0-rc.3
      '@girs/gobject-2.0': 2.88.0-4.0.0-rc.3

  '@girs/gnome-shell@50.0.4':
    dependencies:
      '@girs/accountsservice-1.0': 1.0.0-4.0.0-rc.3
      '@girs/adw-1': 1.10.0-4.0.0-rc.3
      '@girs/atk-1.0': 2.60.0-4.0.0-rc.3
      '@girs/clutter-18': 4.9.0
      '@girs/cogl-18': 4.9.0
      '@girs/gcr-4': 4.4.0-4.0.0-rc.3
      '@girs/gdm-1.0': 1.0.0-4.0.0-rc.3
      '@girs/gio-2.0': 2.88.0-4.0.0-rc.3
      '@girs/giounix-2.0': 2.0.0-4.0.0-rc.3
      '@girs/gjs': 4.0.0-rc.3
      '@girs/glib-2.0': 2.88.0-4.0.0-rc.3
      '@girs/gnomebg-4.0': 4.0.0-4.0.0-rc.3
      '@girs/gnomebluetooth-3.0': 3.0.0-4.0.0-rc.3
      '@girs/gnomedesktop-4.0': 4.0.0-4.0.0-rc.3
      '@girs/gobject-2.0': 2.88.0-4.0.0-rc.3
      '@girs/gtk-4.0': 4.23.0-4.0.0-rc.3
      '@girs/gvc-1.0': 1.0.0-4.0.0-rc.3
      '@girs/meta-18': 4.9.0
      '@girs/mtk-18': 4.9.0
      '@girs/polkit-1.0': 1.0.0-4.0.0-rc.3
      '@girs/shell-18': 4.9.0
      '@girs/shew-0': 0.0.0-4.0.0-rc.3
      '@girs/st-18': 4.9.0
      '@girs/upowerglib-1.0': 1.91.1-4.0.0-rc.3

  '@girs/gnomebg-4.0@4.0.0-4.0.0-rc.3':
    dependencies:
      '@girs/cairo-1.0': 1.0.0-4.0.0-rc.3
      '@girs/freetype2-2.0': 2.0.0-4.0.0-rc.3
      '@girs/gdesktopenums-3.0': 3.0.0-4.0.0-rc.3
      '@girs/gdk-4.0': 4.0.0-4.0.0-rc.3
      '@girs/gdkpixbuf-2.0': 2.0.0-4.0.0-rc.3
      '@girs/gio-2.0': 2.88.0-4.0.0-rc.3
      '@girs/gjs': 4.0.0-rc.3
      '@girs/glib-2.0': 2.88.0-4.0.0-rc.3
      '@girs/gmodule-2.0': 2.0.0-4.0.0-rc.3
      '@girs/gnomedesktop-4.0': 4.0.0-4.0.0-rc.3
      '@girs/gobject-2.0': 2.88.0-4.0.0-rc.3
      '@girs/harfbuzz-0.0': 13.2.1-4.0.0-rc.3
      '@girs/pango-1.0': 1.57.1-4.0.0-rc.3
      '@girs/pangocairo-1.0': 1.0.0-4.0.0-rc.3

  '@girs/gnomebluetooth-3.0@3.0.0-4.0.0-rc.3':
    dependencies:
      '@girs/gio-2.0': 2.88.0-4.0.0-rc.3
      '@girs/gjs': 4.0.0-rc.3
      '@girs/glib-2.0': 2.88.0-4.0.0-rc.3
      '@girs/gmodule-2.0': 2.0.0-4.0.0-rc.3
      '@girs/gobject-2.0': 2.88.0-4.0.0-rc.3

  '@girs/gnomedesktop-4.0@4.0.0-4.0.0-rc.3':
    dependencies:
      '@girs/gdesktopenums-3.0': 3.0.0-4.0.0-rc.3
      '@girs/gdkpixbuf-2.0': 2.0.0-4.0.0-rc.3
      '@girs/gio-2.0': 2.88.0-4.0.0-rc.3
      '@girs/gjs': 4.0.0-rc.3
      '@girs/glib-2.0': 2.88.0-4.0.0-rc.3
      '@girs/gmodule-2.0': 2.0.0-4.0.0-rc.3
      '@girs/gobject-2.0': 2.88.0-4.0.0-rc.3

  '@girs/gobject-2.0@2.88.0-4.0.0-rc.3':
    dependencies:
      '@girs/gjs': 4.0.0-rc.3
      '@girs/glib-2.0': 2.88.0-4.0.0-rc.3

  '@girs/graphene-1.0@1.0.0-4.0.0-rc.3':
    dependencies:
      '@girs/gjs': 4.0.0-rc.3
      '@girs/glib-2.0': 2.88.0-4.0.0-rc.3
      '@girs/gobject-2.0': 2.88.0-4.0.0-rc.3

  '@girs/graphene-1.0@4.9.0':
    dependencies:
      '@girs/gjs': 4.0.0-rc.3
      '@girs/glib-2.0': 2.88.0-4.0.0-rc.3
      '@girs/gobject-2.0': 2.88.0-4.0.0-rc.3

  '@girs/gsk-4.0@4.0.0-4.0.0-rc.3':
    dependencies:
      '@girs/cairo-1.0': 1.0.0-4.0.0-rc.3
      '@girs/freetype2-2.0': 2.0.0-4.0.0-rc.3
      '@girs/gdk-4.0': 4.0.0-4.0.0-rc.3
      '@girs/gdkpixbuf-2.0': 2.0.0-4.0.0-rc.3
      '@girs/gio-2.0': 2.88.0-4.0.0-rc.3
      '@girs/gjs': 4.0.0-rc.3
      '@girs/glib-2.0': 2.88.0-4.0.0-rc.3
      '@girs/gmodule-2.0': 2.0.0-4.0.0-rc.3
      '@girs/gobject-2.0': 2.88.0-4.0.0-rc.3
      '@girs/graphene-1.0': 1.0.0-4.0.0-rc.3
      '@girs/harfbuzz-0.0': 13.2.1-4.0.0-rc.3
      '@girs/pango-1.0': 1.57.1-4.0.0-rc.3
      '@girs/pangocairo-1.0': 1.0.0-4.0.0-rc.3

  '@girs/gtk-4.0@4.23.0-4.0.0-rc.3':
    dependencies:
      '@girs/cairo-1.0': 1.0.0-4.0.0-rc.3
      '@girs/freetype2-2.0': 2.0.0-4.0.0-rc.3
      '@girs/gdk-4.0': 4.0.0-4.0.0-rc.3
      '@girs/gdkpixbuf-2.0': 2.0.0-4.0.0-rc.3
      '@girs/gio-2.0': 2.88.0-4.0.0-rc.3
      '@girs/gjs': 4.0.0-rc.3
      '@girs/glib-2.0': 2.88.0-4.0.0-rc.3
      '@girs/gmodule-2.0': 2.0.0-4.0.0-rc.3
      '@girs/gobject-2.0': 2.88.0-4.0.0-rc.3
      '@girs/graphene-1.0': 1.0.0-4.0.0-rc.3
      '@girs/gsk-4.0': 4.0.0-4.0.0-rc.3
      '@girs/harfbuzz-0.0': 13.2.1-4.0.0-rc.3
      '@girs/pango-1.0': 1.57.1-4.0.0-rc.3
      '@girs/pangocairo-1.0': 1.0.0-4.0.0-rc.3

  '@girs/gvc-1.0@1.0.0-4.0.0-rc.3':
    dependencies:
      '@girs/gio-2.0': 2.88.0-4.0.0-rc.3
      '@girs/gjs': 4.0.0-rc.3
      '@girs/glib-2.0': 2.88.0-4.0.0-rc.3
      '@girs/gmodule-2.0': 2.0.0-4.0.0-rc.3
      '@girs/gobject-2.0': 2.88.0-4.0.0-rc.3

  '@girs/harfbuzz-0.0@13.2.1-4.0.0-rc.3':
    dependencies:
      '@girs/freetype2-2.0': 2.0.0-4.0.0-rc.3
      '@girs/gjs': 4.0.0-rc.3
      '@girs/glib-2.0': 2.88.0-4.0.0-rc.3
      '@girs/gobject-2.0': 2.88.0-4.0.0-rc.3

  '@girs/harfbuzz-0.0@4.9.0':
    dependencies:
      '@girs/freetype2-2.0': 4.9.0
      '@girs/gjs': 4.0.0-rc.3
      '@girs/glib-2.0': 2.88.0-4.0.0-rc.3
      '@girs/gobject-2.0': 2.88.0-4.0.0-rc.3

  '@girs/meta-18@4.9.0':
    dependencies:
      '@girs/atk-1.0': 2.60.0-4.0.0-rc.3
      '@girs/cairo-1.0': 4.9.0
      '@girs/clutter-18': 4.9.0
      '@girs/cogl-18': 4.9.0
      '@girs/freetype2-2.0': 4.9.0
      '@girs/gdesktopenums-3.0': 4.9.0
      '@girs/gio-2.0': 2.88.0-4.0.0-rc.3
      '@girs/gjs': 4.0.0-rc.3
      '@girs/gl-1.0': 4.9.0
      '@girs/glib-2.0': 2.88.0-4.0.0-rc.3
      '@girs/gmodule-2.0': 4.9.0
      '@girs/gobject-2.0': 2.88.0-4.0.0-rc.3
      '@girs/graphene-1.0': 4.9.0
      '@girs/harfbuzz-0.0': 4.9.0
      '@girs/mtk-18': 4.9.0
      '@girs/pango-1.0': 4.9.0
      '@girs/xfixes-4.0': 4.9.0
      '@girs/xlib-2.0': 4.9.0

  '@girs/mtk-18@4.9.0':
    dependencies:
      '@girs/gjs': 4.0.0-rc.3
      '@girs/glib-2.0': 2.88.0-4.0.0-rc.3
      '@girs/gobject-2.0': 2.88.0-4.0.0-rc.3
      '@girs/graphene-1.0': 4.9.0

  '@girs/nm-1.0@4.9.0':
    dependencies:
      '@girs/gio-2.0': 2.88.0-4.0.0-rc.3
      '@girs/gjs': 4.0.0-rc.3
      '@girs/glib-2.0': 2.88.0-4.0.0-rc.3
      '@girs/gmodule-2.0': 4.9.0
      '@girs/gobject-2.0': 2.88.0-4.0.0-rc.3

  '@girs/pango-1.0@1.57.1-4.0.0-rc.3':
    dependencies:
      '@girs/cairo-1.0': 1.0.0-4.0.0-rc.3
      '@girs/freetype2-2.0': 2.0.0-4.0.0-rc.3
      '@girs/gio-2.0': 2.88.0-4.0.0-rc.3
      '@girs/gjs': 4.0.0-rc.3
      '@girs/glib-2.0': 2.88.0-4.0.0-rc.3
      '@girs/gmodule-2.0': 2.0.0-4.0.0-rc.3
      '@girs/gobject-2.0': 2.88.0-4.0.0-rc.3
      '@girs/harfbuzz-0.0': 13.2.1-4.0.0-rc.3

  '@girs/pango-1.0@4.9.0':
    dependencies:
      '@girs/cairo-1.0': 4.9.0
      '@girs/freetype2-2.0': 4.9.0
      '@girs/gio-2.0': 2.88.0-4.0.0-rc.3
      '@girs/gjs': 4.0.0-rc.3
      '@girs/glib-2.0': 2.88.0-4.0.0-rc.3
      '@girs/gmodule-2.0': 4.9.0
      '@girs/gobject-2.0': 2.88.0-4.0.0-rc.3
      '@girs/harfbuzz-0.0': 4.9.0

  '@girs/pangocairo-1.0@1.0.0-4.0.0-rc.3':
    dependencies:
      '@girs/cairo-1.0': 1.0.0-4.0.0-rc.3
      '@girs/freetype2-2.0': 2.0.0-4.0.0-rc.3
      '@girs/gio-2.0': 2.88.0-4.0.0-rc.3
      '@girs/gjs': 4.0.0-rc.3
      '@girs/glib-2.0': 2.88.0-4.0.0-rc.3
      '@girs/gmodule-2.0': 2.0.0-4.0.0-rc.3
      '@girs/gobject-2.0': 2.88.0-4.0.0-rc.3
      '@girs/harfbuzz-0.0': 13.2.1-4.0.0-rc.3
      '@girs/pango-1.0': 1.57.1-4.0.0-rc.3

  '@girs/polkit-1.0@1.0.0-4.0.0-rc.3':
    dependencies:
      '@girs/gio-2.0': 2.88.0-4.0.0-rc.3
      '@girs/gjs': 4.0.0-rc.3
      '@girs/glib-2.0': 2.88.0-4.0.0-rc.3
      '@girs/gmodule-2.0': 2.0.0-4.0.0-rc.3
      '@girs/gobject-2.0': 2.88.0-4.0.0-rc.3

  '@girs/polkitagent-1.0@4.9.0':
    dependencies:
      '@girs/gio-2.0': 2.88.0-4.0.0-rc.3
      '@girs/gjs': 4.0.0-rc.3
      '@girs/glib-2.0': 2.88.0-4.0.0-rc.3
      '@girs/gmodule-2.0': 4.9.0
      '@girs/gobject-2.0': 2.88.0-4.0.0-rc.3
      '@girs/polkit-1.0': 1.0.0-4.0.0-rc.3

  '@girs/shell-18@4.9.0':
    dependencies:
      '@girs/atk-1.0': 2.60.0-4.0.0-rc.3
      '@girs/cairo-1.0': 4.9.0
      '@girs/clutter-18': 4.9.0
      '@girs/cogl-18': 4.9.0
      '@girs/freetype2-2.0': 4.9.0
      '@girs/gck-2': 4.9.0
      '@girs/gcr-4': 4.4.0-4.0.0-rc.3
      '@girs/gdesktopenums-3.0': 4.9.0
      '@girs/gdkpixbuf-2.0': 4.9.0
      '@girs/gio-2.0': 2.88.0-4.0.0-rc.3
      '@girs/giounix-2.0': 2.0.0-4.0.0-rc.3
      '@girs/gjs': 4.0.0-rc.3
      '@girs/gl-1.0': 4.9.0
      '@girs/glib-2.0': 2.88.0-4.0.0-rc.3
      '@girs/gmodule-2.0': 4.9.0
      '@girs/gobject-2.0': 2.88.0-4.0.0-rc.3
      '@girs/graphene-1.0': 4.9.0
      '@girs/gvc-1.0': 1.0.0-4.0.0-rc.3
      '@girs/harfbuzz-0.0': 4.9.0
      '@girs/meta-18': 4.9.0
      '@girs/mtk-18': 4.9.0
      '@girs/nm-1.0': 4.9.0
      '@girs/pango-1.0': 4.9.0
      '@girs/polkit-1.0': 1.0.0-4.0.0-rc.3
      '@girs/polkitagent-1.0': 4.9.0
      '@girs/st-18': 4.9.0
      '@girs/xfixes-4.0': 4.9.0
      '@girs/xlib-2.0': 4.9.0

  '@girs/shew-0@0.0.0-4.0.0-rc.3':
    dependencies:
      '@girs/cairo-1.0': 1.0.0-4.0.0-rc.3
      '@girs/freetype2-2.0': 2.0.0-4.0.0-rc.3
      '@girs/gdk-4.0': 4.0.0-4.0.0-rc.3
      '@girs/gdkpixbuf-2.0': 2.0.0-4.0.0-rc.3
      '@girs/gio-2.0': 2.88.0-4.0.0-rc.3
      '@girs/gjs': 4.0.0-rc.3
      '@girs/glib-2.0': 2.88.0-4.0.0-rc.3
      '@girs/gmodule-2.0': 2.0.0-4.0.0-rc.3
      '@girs/gobject-2.0': 2.88.0-4.0.0-rc.3
      '@girs/graphene-1.0': 1.0.0-4.0.0-rc.3
      '@girs/gsk-4.0': 4.0.0-4.0.0-rc.3
      '@girs/gtk-4.0': 4.23.0-4.0.0-rc.3
      '@girs/harfbuzz-0.0': 13.2.1-4.0.0-rc.3
      '@girs/pango-1.0': 1.57.1-4.0.0-rc.3
      '@girs/pangocairo-1.0': 1.0.0-4.0.0-rc.3

  '@girs/st-18@4.9.0':
    dependencies:
      '@girs/atk-1.0': 2.60.0-4.0.0-rc.3
      '@girs/cairo-1.0': 4.9.0
      '@girs/clutter-18': 4.9.0
      '@girs/cogl-18': 4.9.0
      '@girs/freetype2-2.0': 4.9.0
      '@girs/gdesktopenums-3.0': 4.9.0
      '@girs/gdkpixbuf-2.0': 4.9.0
      '@girs/gio-2.0': 2.88.0-4.0.0-rc.3
      '@girs/gjs': 4.0.0-rc.3
      '@girs/gl-1.0': 4.9.0
      '@girs/glib-2.0': 2.88.0-4.0.0-rc.3
      '@girs/gmodule-2.0': 4.9.0
      '@girs/gobject-2.0': 2.88.0-4.0.0-rc.3
      '@girs/graphene-1.0': 4.9.0
      '@girs/harfbuzz-0.0': 4.9.0
      '@girs/meta-18': 4.9.0
      '@girs/mtk-18': 4.9.0
      '@girs/pango-1.0': 4.9.0
      '@girs/xfixes-4.0': 4.9.0
      '@girs/xlib-2.0': 4.9.0

  '@girs/upowerglib-1.0@1.91.1-4.0.0-rc.3':
    dependencies:
      '@girs/gio-2.0': 2.88.0-4.0.0-rc.3
      '@girs/gjs': 4.0.0-rc.3
      '@girs/glib-2.0': 2.88.0-4.0.0-rc.3
      '@girs/gmodule-2.0': 2.0.0-4.0.0-rc.3
      '@girs/gobject-2.0': 2.88.0-4.0.0-rc.3

  '@girs/xfixes-4.0@4.9.0':
    dependencies:
      '@girs/gjs': 4.0.0-rc.3
      '@girs/gobject-2.0': 2.88.0-4.0.0-rc.3

  '@girs/xlib-2.0@4.9.0':
    dependencies:
      '@girs/gjs': 4.0.0-rc.3
      '@girs/gobject-2.0': 2.88.0-4.0.0-rc.3

  '@typescript/typescript-aix-ppc64@7.0.2':
    optional: true

  '@typescript/typescript-darwin-arm64@7.0.2':
    optional: true

  '@typescript/typescript-darwin-x64@7.0.2':
    optional: true

  '@typescript/typescript-freebsd-arm64@7.0.2':
    optional: true

  '@typescript/typescript-freebsd-x64@7.0.2':
    optional: true

  '@typescript/typescript-linux-arm64@7.0.2':
    optional: true

  '@typescript/typescript-linux-arm@7.0.2':
    optional: true

  '@typescript/typescript-linux-loong64@7.0.2':
    optional: true

  '@typescript/typescript-linux-mips64el@7.0.2':
    optional: true

  '@typescript/typescript-linux-ppc64@7.0.2':
    optional: true

  '@typescript/typescript-linux-riscv64@7.0.2':
    optional: true

  '@typescript/typescript-linux-s390x@7.0.2':
    optional: true

  '@typescript/typescript-linux-x64@7.0.2':
    optional: true

  '@typescript/typescript-netbsd-arm64@7.0.2':
    optional: true

  '@typescript/typescript-netbsd-x64@7.0.2':
    optional: true

  '@typescript/typescript-openbsd-arm64@7.0.2':
    optional: true

  '@typescript/typescript-openbsd-x64@7.0.2':
    optional: true

  '@typescript/typescript-sunos-x64@7.0.2':
    optional: true

  '@typescript/typescript-win32-arm64@7.0.2':
    optional: true

  '@typescript/typescript-win32-x64@7.0.2':
    optional: true

  typescript@7.0.2:
    optionalDependencies:
      '@typescript/typescript-aix-ppc64': 7.0.2
      '@typescript/typescript-darwin-arm64': 7.0.2
      '@typescript/typescript-darwin-x64': 7.0.2
      '@typescript/typescript-freebsd-arm64': 7.0.2
      '@typescript/typescript-freebsd-x64': 7.0.2
      '@typescript/typescript-linux-arm': 7.0.2
      '@typescript/typescript-linux-arm64': 7.0.2
      '@typescript/typescript-linux-loong64': 7.0.2
      '@typescript/typescript-linux-mips64el': 7.0.2
      '@typescript/typescript-linux-ppc64': 7.0.2
      '@typescript/typescript-linux-riscv64': 7.0.2
      '@typescript/typescript-linux-s390x': 7.0.2
      '@typescript/typescript-linux-x64': 7.0.2
      '@typescript/typescript-netbsd-arm64': 7.0.2
      '@typescript/typescript-netbsd-x64': 7.0.2
      '@typescript/typescript-openbsd-arm64': 7.0.2
      '@typescript/typescript-openbsd-x64': 7.0.2
      '@typescript/typescript-sunos-x64': 7.0.2
      '@typescript/typescript-win32-arm64': 7.0.2
      '@typescript/typescript-win32-x64': 7.0.2
